Microsoft Visual Studio Solution File, Format Version 11.00
# Visual Studio 2008

Project("{356AEAEE-3AFB-4124-A11B-E70BAE3C41C7}") = "Railman", "Assembly-CSharp-firstpass.csproj", "{88C06857-678A-F763-AADF-5E53A9F53766}"
EndProject
Project("{356AEAEE-3AFB-4124-A11B-E70BAE3C41C7}") = "Railman", "Assembly-CSharp.csproj", "{120E1AF1-2E7D-AA2B-C10A-FB76C0C7EEFB}"
EndProject
Project("{356AEAEE-3AFB-4124-A11B-E70BAE3C41C7}") = "Railman", "Assembly-UnityScript-firstpass.unityproj", "{5985A11A-5417-ED55-D9AB-52019346EE0C}"
EndProject
Global
	GlobalSection(SolutionConfigurationPlatforms) = preSolution
		Debug|Any CPU = Debug|Any CPU
		Release|Any CPU = Release|Any CPU
	EndGlobalSection
	GlobalSection(ProjectConfigurationPlatforms) = postSolution
		{88C06857-678A-F763-AADF-5E53A9F53766}.Debug|Any CPU.ActiveCfg = Debug|Any CPU
		{88C06857-678A-F763-AADF-5E53A9F53766}.Debug|Any CPU.Build.0 = Debug|Any CPU
		{88C06857-678A-F763-AADF-5E53A9F53766}.Release|Any CPU.ActiveCfg = Release|Any CPU
		{88C06857-678A-F763-AADF-5E53A9F53766}.Release|Any CPU.Build.0 = Release|Any CPU
		{120E1AF1-2E7D-AA2B-C10A-FB76C0C7EEFB}.Debug|Any CPU.ActiveCfg = Debug|Any CPU
		{120E1AF1-2E7D-AA2B-C10A-FB76C0C7EEFB}.Debug|Any CPU.Build.0 = Debug|Any CPU
		{120E1AF1-2E7D-AA2B-C10A-FB76C0C7EEFB}.Release|Any CPU.ActiveCfg = Release|Any CPU
		{120E1AF1-2E7D-AA2B-C10A-FB76C0C7EEFB}.Release|Any CPU.Build.0 = Release|Any CPU
		{5985A11A-5417-ED55-D9AB-52019346EE0C}.Debug|Any CPU.ActiveCfg = Debug|Any CPU
		{5985A11A-5417-ED55-D9AB-52019346EE0C}.Debug|Any CPU.Build.0 = Debug|Any CPU
		{5985A11A-5417-ED55-D9AB-52019346EE0C}.Release|Any CPU.ActiveCfg = Release|Any CPU
		{5985A11A-5417-ED55-D9AB-52019346EE0C}.Release|Any CPU.Build.0 = Release|Any CPU
	EndGlobalSection
	GlobalSection(SolutionProperties) = preSolution
		HideSolutionNode = FALSE
	EndGlobalSection
																					GlobalSection(MonoDevelopProperties) = preSolution
		StartupItem = Assembly-CSharp.csproj
		Policies = $0
		$0.TextStylePolicy = $1
		$1.inheritsSet = null
		$1.scope = text/x-csharp
		$0.CSharpFormattingPolicy = $2
		$2.inheritsSet = Mono
		$2.inheritsScope = text/x-csharp
		$2.scope = text/x-csharp
		$0.TextStylePolicy = $3
		$3.FileWidth = 120
		$3.TabWidth = 4
		$3.EolMarker = Unix
		$3.inheritsSet = Mono
		$3.inheritsScope = text/plain
		$3.scope = text/plain
	EndGlobalSection

EndGlobal
